PODS:
  - Alamofire (5.9.1)
  - Capacitor (7.0.1):
    - CapacitorCordova
  - CapacitorApp (7.0.0):
    - Capacitor
  - CapacitorCamera (6.1.3):
    - Capacitor
  - CapacitorClipboard (7.0.0):
    - Capacitor
  - CapacitorCordova (7.0.1)
  - CapacitorExportFile (0.0.1):
    - Capacitor
  - CapacitorFilesystem (7.0.1):
    - Capacitor
  - CapacitorKeyboard (7.0.0):
    - Capacitor
  - CapacitorStatusBar (7.0.0):
    - Capacitor
  - CapacitorStreamFetch (0.0.6):
    - Capacitor
  - CapawesomeCapacitorLiveUpdate (7.1.0):
    - Alamofire (~> 5.9.0)
    - Capacitor
    - SSZipArchive (~> 2.2.3)
  - SSZipArchive (2.2.3)

DEPENDENCIES:
  - "Capacitor (from `../../node_modules/.pnpm/@capacitor+ios@7.0.1_@capacitor+core@7.0.1/node_modules/@capacitor/ios`)"
  - "CapacitorApp (from `../../node_modules/.pnpm/@capacitor+app@7.0.0_@capacitor+core@7.0.1/node_modules/@capacitor/app`)"
  - "CapacitorCamera (from `../../node_modules/.pnpm/@capacitor+camera@6.1.3_@capacitor+core@7.0.1/node_modules/@capacitor/camera`)"
  - "CapacitorClipboard (from `../../node_modules/.pnpm/@capacitor+clipboard@7.0.0_@capacitor+core@7.0.1/node_modules/@capacitor/clipboard`)"
  - "CapacitorCordova (from `../../node_modules/.pnpm/@capacitor+ios@7.0.1_@capacitor+core@7.0.1/node_modules/@capacitor/ios`)"
  - "CapacitorExportFile (from `../../node_modules/.pnpm/capacitor-export-file@0.0.1_@capacitor+core@7.0.1/node_modules/capacitor-export-file`)"
  - "CapacitorFilesystem (from `../../node_modules/.pnpm/@capacitor+filesystem@7.0.1_@capacitor+core@7.0.1/node_modules/@capacitor/filesystem`)"
  - "CapacitorKeyboard (from `../../node_modules/.pnpm/@capacitor+keyboard@7.0.0_@capacitor+core@7.0.1/node_modules/@capacitor/keyboard`)"
  - "CapacitorStatusBar (from `../../node_modules/.pnpm/@capacitor+status-bar@7.0.0_@capacitor+core@7.0.1/node_modules/@capacitor/status-bar`)"
  - "CapacitorStreamFetch (from `../../node_modules/.pnpm/capacitor-stream-fetch@0.0.6_@capacitor+core@7.0.1/node_modules/capacitor-stream-fetch`)"
  - "CapawesomeCapacitorLiveUpdate (from `../../node_modules/.pnpm/@capawesome+capacitor-live-update@7.1.0_@capacitor+core@7.0.1/node_modules/@capawesome/capacitor-live-update`)"

SPEC REPOS:
  trunk:
    - Alamofire
    - SSZipArchive

EXTERNAL SOURCES:
  Capacitor:
    :path: "../../node_modules/.pnpm/@capacitor+ios@7.0.1_@capacitor+core@7.0.1/node_modules/@capacitor/ios"
  CapacitorApp:
    :path: "../../node_modules/.pnpm/@capacitor+app@7.0.0_@capacitor+core@7.0.1/node_modules/@capacitor/app"
  CapacitorCamera:
    :path: "../../node_modules/.pnpm/@capacitor+camera@6.1.3_@capacitor+core@7.0.1/node_modules/@capacitor/camera"
  CapacitorClipboard:
    :path: "../../node_modules/.pnpm/@capacitor+clipboard@7.0.0_@capacitor+core@7.0.1/node_modules/@capacitor/clipboard"
  CapacitorCordova:
    :path: "../../node_modules/.pnpm/@capacitor+ios@7.0.1_@capacitor+core@7.0.1/node_modules/@capacitor/ios"
  CapacitorExportFile:
    :path: "../../node_modules/.pnpm/capacitor-export-file@0.0.1_@capacitor+core@7.0.1/node_modules/capacitor-export-file"
  CapacitorFilesystem:
    :path: "../../node_modules/.pnpm/@capacitor+filesystem@7.0.1_@capacitor+core@7.0.1/node_modules/@capacitor/filesystem"
  CapacitorKeyboard:
    :path: "../../node_modules/.pnpm/@capacitor+keyboard@7.0.0_@capacitor+core@7.0.1/node_modules/@capacitor/keyboard"
  CapacitorStatusBar:
    :path: "../../node_modules/.pnpm/@capacitor+status-bar@7.0.0_@capacitor+core@7.0.1/node_modules/@capacitor/status-bar"
  CapacitorStreamFetch:
    :path: "../../node_modules/.pnpm/capacitor-stream-fetch@0.0.6_@capacitor+core@7.0.1/node_modules/capacitor-stream-fetch"
  CapawesomeCapacitorLiveUpdate:
    :path: "../../node_modules/.pnpm/@capawesome+capacitor-live-update@7.1.0_@capacitor+core@7.0.1/node_modules/@capawesome/capacitor-live-update"

SPEC CHECKSUMS:
  Alamofire: f36a35757af4587d8e4f4bfa223ad10be2422b8c
  Capacitor: de199cba6c8b20995428ad0b7cb0bc6ca625ffd4
  CapacitorApp: 9cb31064a6c6bb2b1438583733a7bf45557fc1da
  CapacitorCamera: 5ba135b0cb55a788758139fa2404d726bf60f0f3
  CapacitorClipboard: 007d79cd6c104002b274546d13873526ca20beb7
  CapacitorCordova: 63d476958d5022d76f197031e8b7ea3519988c64
  CapacitorExportFile: be9b1e8729415fa82b6b345a6a671f7cc883366f
  CapacitorFilesystem: e6261c410436f54908c11f94336c5b58286b1db0
  CapacitorKeyboard: 4db71e694e7afb5d7c0be09b05495c19f7d6c914
  CapacitorStatusBar: a8c4c83ed2e973bdafb979e80e4b00d027832cb7
  CapacitorStreamFetch: 584d841b080a48cd02270c95504d7725cd1f7a9b
  CapawesomeCapacitorLiveUpdate: 3bc1bda06ba2842eda7a726b57fda8839cbdcd25
  SSZipArchive: 62d4947b08730e4cda640473b0066d209ff033c9

PODFILE CHECKSUM: 7a982a7fa31b71cc94e66a7197b16b9b0bad62dd

COCOAPODS: 1.16.2
